
Microsoft Visual Studio Solution File, Format Version 12.00
# Visual Studio Version 17
VisualStudioVersion = 17.3.32929.385
MinimumVisualStudioVersion = 10.0.40219.1
Project("{FAE04EC0-301F-11D3-BF4B-00C04F79EFBC}") = "Meko.Identity", "Meko.Identity\Meko.Identity.csproj", "{62446E0F-6BD3-4802-9EF2-E08E965516E8}"
EndProject
Global
	GlobalSection(SolutionConfigurationPlatforms) = preSolution
		Debug|Any CPU = Debug|Any CPU
		Release|Any CPU = Release|Any CPU
	EndGlobalSection
	GlobalSection(ProjectConfigurationPlatforms) = postSolution
		{62446E0F-6BD3-4802-9EF2-E08E965516E8}.Debug|Any CPU.ActiveCfg = Debug|Any CPU
		{62446E0F-6BD3-4802-9EF2-E08E965516E8}.Debug|Any CPU.Build.0 = Debug|Any CPU
		{62446E0F-6BD3-4802-9EF2-E08E965516E8}.Release|Any CPU.ActiveCfg = Release|Any CPU
		{62446E0F-6BD3-4802-9EF2-E08E965516E8}.Release|Any CPU.Build.0 = Release|Any CPU
	EndGlobalSection
	GlobalSection(SolutionProperties) = preSolution
		HideSolutionNode = FALSE
	EndGlobalSection
	GlobalSection(ExtensibilityGlobals) = postSolution
		SolutionGuid = {0E2B85F0-65BD-4D34-A7D0-8A87328C86C6}
	EndGlobalSection
EndGlobal
